
Microsoft Visual Studio Solution File, Format Version 12.00
# Visual Studio Version 17
VisualStudioVersion = 17.14.36408.4 d17.14
MinimumVisualStudioVersion = 10.0.40219.1
Project("{FAE04EC0-301F-11D3-BF4B-00C04F79EFBC}") = "PanoramaCEO", "PanoramaCEO.csproj", "{877AF843-745E-4413-B0BF-41FB1DA78C79}"
EndProject
Global
	GlobalSection(SolutionConfigurationPlatforms) = preSolution
		Debug|Any CPU = Debug|Any CPU
		Release|Any CPU = Release|Any CPU
	EndGlobalSection
	GlobalSection(ProjectConfigurationPlatforms) = postSolution
		{877AF843-745E-4413-B0BF-41FB1DA78C79}.Debug|Any CPU.ActiveCfg = Debug|Any CPU
		{877AF843-745E-4413-B0BF-41FB1DA78C79}.Debug|Any CPU.Build.0 = Debug|Any CPU
		{877AF843-745E-4413-B0BF-41FB1DA78C79}.Release|Any CPU.ActiveCfg = Release|Any CPU
		{877AF843-745E-4413-B0BF-41FB1DA78C79}.Release|Any CPU.Build.0 = Release|Any CPU
	EndGlobalSection
	GlobalSection(SolutionProperties) = preSolution
		HideSolutionNode = FALSE
	EndGlobalSection
	GlobalSection(ExtensibilityGlobals) = postSolution
		SolutionGuid = {A17EF4E9-0CFF-47B3-ACC1-489FCE141E4E}
	EndGlobalSection
EndGlobal
